{
  "lockfileVersion": 1,
  "configVersion": 1,
  "workspaces": {
    "": {
      "name": "mkdocs-exam",
      "devDependencies": {
        "@typescript/native-preview": "^7.0.0-dev.20251113.1",
        "typescript": "^5.3.0",
      },
    },
  },
  "packages": {
    "@typescript/native-preview": ["@typescript/native-preview@7.0.0-dev.20251113.1", "", { "optionalDependencies": { "@typescript/native-preview-darwin-arm64": "7.0.0-dev.20251113.1", "@typescript/native-preview-darwin-x64": "7.0.0-dev.20251113.1", "@typescript/native-preview-linux-arm": "7.0.0-dev.20251113.1", "@typescript/native-preview-linux-arm64": "7.0.0-dev.20251113.1", "@typescript/native-preview-linux-x64": "7.0.0-dev.20251113.1", "@typescript/native-preview-win32-arm64": "7.0.0-dev.20251113.1", "@typescript/native-preview-win32-x64": "7.0.0-dev.20251113.1" }, "bin": { "tsgo": "bin/tsgo.js" } }, "sha512-gxe+j1h5DSnP/rE2+4BGSzfKRg2RdmMtHlPX+oH1iLGOHTWLQ5IVtS7hW2IlGJY2Y1dXXDARh9wRYzePPXyh8g=="],

    "@typescript/native-preview-darwin-arm64": ["@typescript/native-preview-darwin-arm64@7.0.0-dev.20251113.1", "", { "os": "darwin", "cpu": "arm64" }, "sha512-ArzjtsMWWUSRnqv/C7p+Lv7SJbL9EDGBPDgBvyI+xIcTqyD9WW2sMStjc1jTwWsimmQXzQQ8jZYpf+xSGj5boQ=="],

    "@typescript/native-preview-darwin-x64": ["@typescript/native-preview-darwin-x64@7.0.0-dev.20251113.1", "", { "os": "darwin", "cpu": "x64" }, "sha512-airwguNehqwQhr6LjDcJ0LXfBv2GaOJkpj6fzxMK9gWlrx/tVwvRFoazUesdOnR1DM6zSE4gy+2UROxGeumOSw=="],

    "@typescript/native-preview-linux-arm": ["@typescript/native-preview-linux-arm@7.0.0-dev.20251113.1", "", { "os": "linux", "cpu": "arm" }, "sha512-lTYX9vskfbq3kq2+vpqu2fwJP68iZ4OuWHuGLMzS/AlQ1vzs535su/s6xhL8UuyRP+n10A9z2xHq7UJSOx8u1w=="],

    "@typescript/native-preview-linux-arm64": ["@typescript/native-preview-linux-arm64@7.0.0-dev.20251113.1", "", { "os": "linux", "cpu": "arm64" }, "sha512-EefJd94Hm2507bMQekjoaad32pjGQgldSNjD1UAp6P0EKsn2wZV7H9gxosbZwL3tgMY/HDrQoS1j240/qv528w=="],

    "@typescript/native-preview-linux-x64": ["@typescript/native-preview-linux-x64@7.0.0-dev.20251113.1", "", { "os": "linux", "cpu": "x64" }, "sha512-2VLSCSHgnb94BLLeb1LGYTMIRgbCWkpJa74U45Fi9W+ErTW5QJR+b/nzKAzeeL8/6vu5cfnW4Yf5pCU4d+IvTg=="],

    "@typescript/native-preview-win32-arm64": ["@typescript/native-preview-win32-arm64@7.0.0-dev.20251113.1", "", { "os": "win32", "cpu": "arm64" }, "sha512-byymVRxjqyQPBDpTxcfFprfNTN0e8RXE1VRmVrMU4kJeCxC9SRPQAZCIFw5bJKt74iic7Ixk0O+Ehjp+YlH/VQ=="],

    "@typescript/native-preview-win32-x64": ["@typescript/native-preview-win32-x64@7.0.0-dev.20251113.1", "", { "os": "win32", "cpu": "x64" }, "sha512-H6dR8nmGmuKduG8kODnb5bRgsTScjJ7lLpG6cch+3MflNaIymMAiQsku2kWKtMiFp94wHgQIFk88ov2wG91FYw=="],

    "typescript": ["typescript@5.9.3", "", { "bin": { "tsc": "bin/tsc", "tsserver": "bin/tsserver" } }, "sha512-jl1vZzPDinLr9eUt3J/t7V6FgNEw9QjvBPdysz9KfQDD41fQrC2Y4vKQdiaUpFT4bXlb1RHhLpp8wtm6M5TgSw=="],
  }
}
